
Microsoft Visual Studio Solution File, Format Version 12.00
# Visual Studio Version 17
VisualStudioVersion = 17.4.33103.184
MinimumVisualStudioVersion = 10.0.40219.1
Project("{9A19103F-16F7-4668-BE54-9A1E7A4F7556}") = "GEN", "GEN\GEN.csproj", "{255CCAB0-491A-4DF1-8082-323D4D047005}"
EndProject
Project("{54435603-DBB4-11D2-8724-00A0C9A8B90C}") = "InstaladorGEN", "InstaladorGEN\InstaladorGEN.vdproj", "{B4A08982-FDE0-4B1A-892E-E9E8855B8BD8}"
EndProject
Global
	GlobalSection(SolutionConfigurationPlatforms) = preSolution
		Debug|Any CPU = Debug|Any CPU
		Release|Any CPU = Release|Any CPU
	EndGlobalSection
	GlobalSection(ProjectConfigurationPlatforms) = postSolution
		{255CCAB0-491A-4DF1-8082-323D4D047005}.Debug|Any CPU.ActiveCfg = Debug|Any CPU
		{255CCAB0-491A-4DF1-8082-323D4D047005}.Debug|Any CPU.Build.0 = Debug|Any CPU
		{255CCAB0-491A-4DF1-8082-323D4D047005}.Release|Any CPU.ActiveCfg = Release|Any CPU
		{255CCAB0-491A-4DF1-8082-323D4D047005}.Release|Any CPU.Build.0 = Release|Any CPU
		{B4A08982-FDE0-4B1A-892E-E9E8855B8BD8}.Debug|Any CPU.ActiveCfg = Debug
		{B4A08982-FDE0-4B1A-892E-E9E8855B8BD8}.Release|Any CPU.ActiveCfg = Release
	EndGlobalSection
	GlobalSection(SolutionProperties) = preSolution
		HideSolutionNode = FALSE
	EndGlobalSection
	GlobalSection(ExtensibilityGlobals) = postSolution
		SolutionGuid = {5A903381-31C7-4646-8C05-57676F2A182E}
	EndGlobalSection
EndGlobal
